
Microsoft Visual Studio Solution File, Format Version 12.00
# Visual Studio Version 16
VisualStudioVersion = 16.0.809.10
MinimumVisualStudioVersion = 10.0.40219.1
Project("{FAE04EC0-301F-11D3-BF4B-00C04F79EFBC}") = "Console_Application", "Console_Application.csproj", "{EDCAD25A-C6A4-464F-BA4C-B589E0065DCB}"
EndProject
Global
	GlobalSection(SolutionConfigurationPlatforms) = preSolution
		Debug|Any CPU = Debug|Any CPU
		Release|Any CPU = Release|Any CPU
	EndGlobalSection
	GlobalSection(ProjectConfigurationPlatforms) = postSolution
		{EDCAD25A-C6A4-464F-BA4C-B589E0065DCB}.Debug|Any CPU.ActiveCfg = Debug|Any CPU
		{EDCAD25A-C6A4-464F-BA4C-B589E0065DCB}.Debug|Any CPU.Build.0 = Debug|Any CPU
		{EDCAD25A-C6A4-464F-BA4C-B589E0065DCB}.Release|Any CPU.ActiveCfg = Release|Any CPU
		{EDCAD25A-C6A4-464F-BA4C-B589E0065DCB}.Release|Any CPU.Build.0 = Release|Any CPU
	EndGlobalSection
	GlobalSection(SolutionProperties) = preSolution
		HideSolutionNode = FALSE
	EndGlobalSection
	GlobalSection(ExtensibilityGlobals) = postSolution
		SolutionGuid = {3F5C5A43-2EA6-4F73-9AA0-B1B125928CFD}
	EndGlobalSection
EndGlobal
